
Microsoft Visual Studio Solution File, Format Version 11.00
# Visual Studio 2010
Project("{8BC9CEB8-8B4A-11D0-8D11-00A0C91BC942}") = "五子棋", "五子棋\五子棋.vcxproj", "{8A75F9D5-CAA6-42B7-B6EE-9B1C542D544C}"
EndProject
Global
	GlobalSection(SolutionConfigurationPlatforms) = preSolution
		Debug|Win32 = Debug|Win32
		Release|Win32 = Release|Win32
	EndGlobalSection
	GlobalSection(ProjectConfigurationPlatforms) = postSolution
		{8A75F9D5-CAA6-42B7-B6EE-9B1C542D544C}.Debug|Win32.ActiveCfg = Debug|Win32
		{8A75F9D5-CAA6-42B7-B6EE-9B1C542D544C}.Debug|Win32.Build.0 = Debug|Win32
		{8A75F9D5-CAA6-42B7-B6EE-9B1C542D544C}.Release|Win32.ActiveCfg = Release|Win32
		{8A75F9D5-CAA6-42B7-B6EE-9B1C542D544C}.Release|Win32.Build.0 = Release|Win32
	EndGlobalSection
	GlobalSection(SolutionProperties) = preSolution
		HideSolutionNode = FALSE
	EndGlobalSection
EndGlobal
